
Microsoft Visual Studio Solution File, Format Version 12.00
# Visual Studio Version 17
VisualStudioVersion = 17.12.35728.132 d17.12
MinimumVisualStudioVersion = 10.0.40219.1
Project("{FAE04EC0-301F-11D3-BF4B-00C04F79EFBC}") = "Lavanderia.API", "Lavanderia.API\Lavanderia.API.csproj", "{0EFD2341-2438-49FA-AA1F-7603E80C8CA2}"
EndProject
Project("{FAE04EC0-301F-11D3-BF4B-00C04F79EFBC}") = "Lavanderia.Data", "Lavanderia.Data\Lavanderia.Data.csproj", "{FD455BFB-1BAD-4CD4-BE92-9CE45334C640}"
EndProject
Project("{FAE04EC0-301F-11D3-BF4B-00C04F79EFBC}") = "Lavanderia.Bussines", "Lavanderia.Bussines\Lavanderia.Bussines.csproj", "{A03D2FB4-ECEF-425C-8815-AFEFA4C73870}"
EndProject
Global
	GlobalSection(SolutionConfigurationPlatforms) = preSolution
		Debug|Any CPU = Debug|Any CPU
		Release|Any CPU = Release|Any CPU
	EndGlobalSection
	GlobalSection(ProjectConfigurationPlatforms) = postSolution
		{0EFD2341-2438-49FA-AA1F-7603E80C8CA2}.Debug|Any CPU.ActiveCfg = Debug|Any CPU
		{0EFD2341-2438-49FA-AA1F-7603E80C8CA2}.Debug|Any CPU.Build.0 = Debug|Any CPU
		{0EFD2341-2438-49FA-AA1F-7603E80C8CA2}.Release|Any CPU.ActiveCfg = Release|Any CPU
		{0EFD2341-2438-49FA-AA1F-7603E80C8CA2}.Release|Any CPU.Build.0 = Release|Any CPU
		{FD455BFB-1BAD-4CD4-BE92-9CE45334C640}.Debug|Any CPU.ActiveCfg = Debug|Any CPU
		{FD455BFB-1BAD-4CD4-BE92-9CE45334C640}.Debug|Any CPU.Build.0 = Debug|Any CPU
		{FD455BFB-1BAD-4CD4-BE92-9CE45334C640}.Release|Any CPU.ActiveCfg = Release|Any CPU
		{FD455BFB-1BAD-4CD4-BE92-9CE45334C640}.Release|Any CPU.Build.0 = Release|Any CPU
		{A03D2FB4-ECEF-425C-8815-AFEFA4C73870}.Debug|Any CPU.ActiveCfg = Debug|Any CPU
		{A03D2FB4-ECEF-425C-8815-AFEFA4C73870}.Debug|Any CPU.Build.0 = Debug|Any CPU
		{A03D2FB4-ECEF-425C-8815-AFEFA4C73870}.Release|Any CPU.ActiveCfg = Release|Any CPU
		{A03D2FB4-ECEF-425C-8815-AFEFA4C73870}.Release|Any CPU.Build.0 = Release|Any CPU
	EndGlobalSection
	GlobalSection(SolutionProperties) = preSolution
		HideSolutionNode = FALSE
	EndGlobalSection
EndGlobal
